# This file is automatically @generated by Poetry 1.8.3 and should not be changed by hand.

[[package]]
name = "colorama"
version = "0.4.6"
description = "Cross-platform colored terminal text."
optional = false
python-versions = "!=3.0.*,!=3.1.*,!=3.2.*,!=3.3.*,!=3.4.*,!=3.5.*,!=3.6.*,>=2.7"
files = [
    {file = "colorama-0.4.6-py2.py3-none-any.whl", hash = "sha256:4f1d9991f5acc0ca119f9d443620b77f9d6b33703e51011c16baf57afb285fc6"},
    {file = "colorama-0.4.6.tar.gz", hash = "sha256:08695f5cb7ed6e0531a20572697297273c47b8cae5a63ffc6d6ed5c201be6e44"},
]

[[package]]
name = "iniconfig"
version = "2.0.0"
description = "brain-dead simple config-ini parsing"
optional = false
python-versions = ">=3.7"
files = [
    {file = "iniconfig-2.0.0-py3-none-any.whl", hash = "sha256:b6a85871a79d2e3b22d2d1b94ac2824226a63c6b741c88f7ae975f18b6778374"},
    {file = "iniconfig-2.0.0.tar.gz", hash = "sha256:2d91e135bf72d31a410b17c16da610a82cb55f6b0477d1a902134b24a455b8b3"},
]

[[package]]
name = "nodeenv"
version = "1.8.0"
description = "Node.js virtual environment builder"
optional = false
python-versions = ">=2.7,!=3.0.*,!=3.1.*,!=3.2.*,!=3.3.*,!=3.4.*,!=3.5.*,!=3.6.*"
files = [
    {file = "nodeenv-1.8.0-py2.py3-none-any.whl", hash = "sha256:df865724bb3c3adc86b3876fa209771517b0cfe596beff01a92700e0e8be4cec"},
    {file = "nodeenv-1.8.0.tar.gz", hash = "sha256:d51e0c37e64fbf47d017feac3145cdbb58836d7eee8c6f6d3b6880c5456227d2"},
]

[package.dependencies]
setuptools = "*"

[[package]]
name = "packaging"
version = "24.1"
description = "Core utilities for Python packages"
optional = false
python-versions = ">=3.8"
files = [
    {file = "packaging-24.1-py3-none-any.whl", hash = "sha256:5b8f2217dbdbd2f7f384c41c628544e6d52f2d0f53c6d0c3ea61aa5d1d7ff124"},
    {file = "packaging-24.1.tar.gz", hash = "sha256:026ed72c8ed3fcce5bf8950572258698927fd1dbda10a5e981cdf0ac37f4f002"},
]

[[package]]
name = "pluggy"
version = "1.5.0"
description = "plugin and hook calling mechanisms for python"
optional = false
python-versions = ">=3.8"
files = [
    {file = "pluggy-1.5.0-py3-none-any.whl", hash = "sha256:44e1ad92c8ca002de6377e165f3e0f1be63266ab4d554740532335b9d75ea669"},
    {file = "pluggy-1.5.0.tar.gz", hash = "sha256:2cffa88e94fdc978c4c574f15f9e59b7f4201d439195c3715ca9e2486f1d0cf1"},
]

[package.extras]
dev = ["pre-commit", "tox"]
testing = ["pytest", "pytest-benchmark"]

[[package]]
name = "pyright"
version = "1.1.347"
description = "Command line wrapper for pyright"
optional = false
python-versions = ">=3.7"
files = [
    {file = "pyright-1.1.347-py3-none-any.whl", hash = "sha256:14dd31b594aa3ec464894f66b8a2d206ebef1501e52789eb88cf2a79b0907fbe"},
    {file = "pyright-1.1.347.tar.gz", hash = "sha256:17ea09322f60080f82abc4e622e43d1a5ebaa407ba86963b15b2bc01cca256e0"},
]

[package.dependencies]
nodeenv = ">=1.6.0"

[package.extras]
all = ["twine (>=3.4.1)"]
dev = ["twine (>=3.4.1)"]

[[package]]
name = "pytest"
version = "8.2.2"
description = "pytest: simple powerful testing with Python"
optional = false
python-versions = ">=3.8"
files = [
    {file = "pytest-8.2.2-py3-none-any.whl", hash = "sha256:c434598117762e2bd304e526244f67bf66bbd7b5d6cf22138be51ff661980343"},
    {file = "pytest-8.2.2.tar.gz", hash = "sha256:de4bb8104e201939ccdc688b27a89a7be2079b22e2bd2b07f806b6ba71117977"},
]

[package.dependencies]
colorama = {version = "*", markers = "sys_platform == \"win32\""}
iniconfig = "*"
packaging = "*"
pluggy = ">=1.5,<2.0"

[package.extras]
dev = ["argcomplete", "attrs (>=19.2)", "hypothesis (>=3.56)", "mock", "pygments (>=2.7.2)", "requests", "setuptools", "xmlschema"]

[[package]]
name = "ruff"
version = "0.1.14"
description = "An extremely fast Python linter and code formatter, written in Rust."
optional = false
python-versions = ">=3.7"
files = [
    {file = "ruff-0.1.14-py3-none-macosx_10_12_x86_64.macosx_11_0_arm64.macosx_10_12_universal2.whl", hash = "sha256:96f76536df9b26622755c12ed8680f159817be2f725c17ed9305b472a757cdbb"},
    {file = "ruff-0.1.14-py3-none-macosx_10_12_x86_64.whl", hash = "sha256:ab3f71f64498c7241123bb5a768544cf42821d2a537f894b22457a543d3ca7a9"},
    {file = "ruff-0.1.14-py3-none-manylinux_2_17_aarch64.manylinux2014_aarch64.whl", hash = "sha256:7060156ecc572b8f984fd20fd8b0fcb692dd5d837b7606e968334ab7ff0090ab"},
    {file = "ruff-0.1.14-py3-none-manylinux_2_17_armv7l.manylinux2014_armv7l.whl", hash = "sha256:a53d8e35313d7b67eb3db15a66c08434809107659226a90dcd7acb2afa55faea"},
    {file = "ruff-0.1.14-py3-none-manylinux_2_17_i686.manylinux2014_i686.whl", hash = "sha256:bea9be712b8f5b4ebed40e1949379cfb2a7d907f42921cf9ab3aae07e6fba9eb"},
    {file = "ruff-0.1.14-py3-none-manylinux_2_17_ppc64.manylinux2014_ppc64.whl", hash = "sha256:2270504d629a0b064247983cbc495bed277f372fb9eaba41e5cf51f7ba705a6a"},
    {file = "ruff-0.1.14-py3-none-manylinux_2_17_ppc64le.manylinux2014_ppc64le.whl", hash = "sha256:80258bb3b8909b1700610dfabef7876423eed1bc930fe177c71c414921898efa"},
    {file = "ruff-0.1.14-py3-none-manylinux_2_17_s390x.manylinux2014_s390x.whl", hash = "sha256:653230dd00aaf449eb5ff25d10a6e03bc3006813e2cb99799e568f55482e5cae"},
    {file = "ruff-0.1.14-py3-none-manylinux_2_17_x86_64.manylinux2014_x86_64.whl", hash = "sha256:87b3acc6c4e6928459ba9eb7459dd4f0c4bf266a053c863d72a44c33246bfdbf"},
    {file = "ruff-0.1.14-py3-none-musllinux_1_2_aarch64.whl", hash = "sha256:6b3dadc9522d0eccc060699a9816e8127b27addbb4697fc0c08611e4e6aeb8b5"},
    {file = "ruff-0.1.14-py3-none-musllinux_1_2_armv7l.whl", hash = "sha256:1c8eca1a47b4150dc0fbec7fe68fc91c695aed798532a18dbb1424e61e9b721f"},
    {file = "ruff-0.1.14-py3-none-musllinux_1_2_i686.whl", hash = "sha256:62ce2ae46303ee896fc6811f63d6dabf8d9c389da0f3e3f2bce8bc7f15ef5488"},
    {file = "ruff-0.1.14-py3-none-musllinux_1_2_x86_64.whl", hash = "sha256:b2027dde79d217b211d725fc833e8965dc90a16d0d3213f1298f97465956661b"},
    {file = "ruff-0.1.14-py3-none-win32.whl", hash = "sha256:722bafc299145575a63bbd6b5069cb643eaa62546a5b6398f82b3e4403329cab"},
    {file = "ruff-0.1.14-py3-none-win_amd64.whl", hash = "sha256:e3d241aa61f92b0805a7082bd89a9990826448e4d0398f0e2bc8f05c75c63d99"},
    {file = "ruff-0.1.14-py3-none-win_arm64.whl", hash = "sha256:269302b31ade4cde6cf6f9dd58ea593773a37ed3f7b97e793c8594b262466b67"},
    {file = "ruff-0.1.14.tar.gz", hash = "sha256:ad3f8088b2dfd884820289a06ab718cde7d38b94972212cc4ba90d5fbc9955f3"},
]

[[package]]
name = "setuptools"
version = "73.0.1"
description = "Easily download, build, install, upgrade, and uninstall Python packages"
optional = false
python-versions = ">=3.8"
files = [
    {file = "setuptools-73.0.1-py3-none-any.whl", hash = "sha256:b208925fcb9f7af924ed2dc04708ea89791e24bde0d3020b27df0e116088b34e"},
    {file = "setuptools-73.0.1.tar.gz", hash = "sha256:d59a3e788ab7e012ab2c4baed1b376da6366883ee20d7a5fc426816e3d7b1193"},
]

[package.extras]
core = ["importlib-metadata (>=6)", "importlib-resources (>=5.10.2)", "jaraco.text (>=3.7)", "more-itertools (>=8.8)", "packaging (>=24)", "platformdirs (>=2.6.2)", "tomli (>=2.0.1)", "wheel (>=0.43.0)"]
doc = ["furo", "jaraco.packaging (>=9.3)", "jaraco.tidelift (>=1.4)", "pygments-github-lexers (==0.0.5)", "pyproject-hooks (!=1.1)", "rst.linker (>=1.9)", "sphinx (>=3.5)", "sphinx-favicon", "sphinx-inline-tabs", "sphinx-lint", "sphinx-notfound-page (>=1,<2)", "sphinx-reredirects", "sphinxcontrib-towncrier", "towncrier (<24.7)"]
test = ["build[virtualenv] (>=1.0.3)", "filelock (>=3.4.0)", "importlib-metadata", "ini2toml[lite] (>=0.14)", "jaraco.develop (>=7.21)", "jaraco.envs (>=2.2)", "jaraco.path (>=3.2.0)", "jaraco.test", "mypy (==1.11.*)", "packaging (>=23.2)", "pip (>=19.1)", "pyproject-hooks (!=1.1)", "pytest (>=6,!=8.1.*)", "pytest-checkdocs (>=2.4)", "pytest-cov", "pytest-enabler (>=2.2)", "pytest-home (>=0.5)", "pytest-mypy", "pytest-perf", "pytest-ruff (<0.4)", "pytest-ruff (>=0.2.1)", "pytest-ruff (>=0.3.2)", "pytest-subprocess", "pytest-timeout", "pytest-xdist (>=3)", "tomli", "tomli-w (>=1.0.0)", "virtualenv (>=13.0.0)", "wheel (>=0.44.0)"]

[metadata]
lock-version = "2.0"
python-versions = "^3.11"
content-hash = "ca260eafb8048a1855307a3b795390b7d84add6cf1132845f99fc166ad6d8819"
